// !$*UTF8*$!
{
	archiveVersion = 1;
	classes = {
	};
	objectVersion = 55;
	objects = {

/* Begin PBXBuildFile section */
		FDD7A83F281E306E00411C90 /* AvocadosApp.swift in Sources */ = {isa = PBXBuildFile; fileRef = FDD7A83E281E306E00411C90 /* AvocadosApp.swift */; };
		FDD7A841281E306E00411C90 /* ContentView.swift in Sources */ = {isa = PBXBuildFile; fileRef = FDD7A840281E306E00411C90 /* ContentView.swift */; };
		FDD7A843281E306E00411C90 /* Assets.xcassets in Resources */ = {isa = PBXBuildFile; fileRef = FDD7A842281E306E00411C90 /* Assets.xcassets */; };
		FDD7A846281E306E00411C90 /* Preview Assets.xcassets in Resources */ = {isa = PBXBuildFile; fileRef = FDD7A845281E306E00411C90 /* Preview Assets.xcassets */; };
		FDD7A84D281E343C00411C90 /* Launch Screen.storyboard in Resources */ = {isa = PBXBuildFile; fileRef = FDD7A84C281E343C00411C90 /* Launch Screen.storyboard */; };
		FDD7A853281E39B700411C90 /* AvocadosView.swift in Sources */ = {isa = PBXBuildFile; fileRef = FDD7A852281E39B700411C90 /* AvocadosView.swift */; };
		FDD7A855281E39D100411C90 /* RipeningStagesView.swift in Sources */ = {isa = PBXBuildFile; fileRef = FDD7A854281E39D100411C90 /* RipeningStagesView.swift */; };
		FDD7A857281E39E500411C90 /* SettingsView.swift in Sources */ = {isa = PBXBuildFile; fileRef = FDD7A856281E39E500411C90 /* SettingsView.swift */; };
		FDD7A859281E39F800411C90 /* AppView.swift in Sources */ = {isa = PBXBuildFile; fileRef = FDD7A858281E39F800411C90 /* AppView.swift */; };
		FDD7A85B281E44E400411C90 /* HeaderView.swift in Sources */ = {isa = PBXBuildFile; fileRef = FDD7A85A281E44E400411C90 /* HeaderView.swift */; };
		FDD7A85D281E49D200411C90 /* HeaderModel.swift in Sources */ = {isa = PBXBuildFile; fileRef = FDD7A85C281E49D200411C90 /* HeaderModel.swift */; };
		FDD7A85F281E4A0B00411C90 /* HeaderData.swift in Sources */ = {isa = PBXBuildFile; fileRef = FDD7A85E281E4A0B00411C90 /* HeaderData.swift */; };
		FDD7A861281F27F300411C90 /* DishesView.swift in Sources */ = {isa = PBXBuildFile; fileRef = FDD7A860281F27F300411C90 /* DishesView.swift */; };
		FDD7A863281F463400411C90 /* FactsView.swift in Sources */ = {isa = PBXBuildFile; fileRef = FDD7A862281F463300411C90 /* FactsView.swift */; };
		FDD7A866281F468100411C90 /* FactsData.swift in Sources */ = {isa = PBXBuildFile; fileRef = FDD7A865281F468100411C90 /* FactsData.swift */; };
		FDD7A868281F46B000411C90 /* FactsModel.swift in Sources */ = {isa = PBXBuildFile; fileRef = FDD7A867281F46B000411C90 /* FactsModel.swift */; };
		FDD7A86A281F4DBD00411C90 /* RecipeModel.swift in Sources */ = {isa = PBXBuildFile; fileRef = FDD7A869281F4DBD00411C90 /* RecipeModel.swift */; };
		FDD7A86C281F4E1000411C90 /* RecipeData.swift in Sources */ = {isa = PBXBuildFile; fileRef = FDD7A86B281F4E1000411C90 /* RecipeData.swift */; };
		FDD7A86E281F4E8F00411C90 /* RecipeCardView.swift in Sources */ = {isa = PBXBuildFile; fileRef = FDD7A86D281F4E8F00411C90 /* RecipeCardView.swift */; };
		FDD7A870281F60BC00411C90 /* RecipeRatingView.swift in Sources */ = {isa = PBXBuildFile; fileRef = FDD7A86F281F60BC00411C90 /* RecipeRatingView.swift */; };
		FDD7A872281F612400411C90 /* RecipeCookingView.swift in Sources */ = {isa = PBXBuildFile; fileRef = FDD7A871281F612400411C90 /* RecipeCookingView.swift */; };
		FDD7A874281F61A400411C90 /* RecipeDetailView.swift in Sources */ = {isa = PBXBuildFile; fileRef = FDD7A873281F61A400411C90 /* RecipeDetailView.swift */; };
		FDD7A876281F7E7F00411C90 /* RipeningView.swift in Sources */ = {isa = PBXBuildFile; fileRef = FDD7A875281F7E7F00411C90 /* RipeningView.swift */; };
		FDD7A878281F7E9C00411C90 /* RipeningStageModel.swift in Sources */ = {isa = PBXBuildFile; fileRef = FDD7A877281F7E9C00411C90 /* RipeningStageModel.swift */; };
		FDD7A87A281F7EE600411C90 /* RipeningStageData.swift in Sources */ = {isa = PBXBuildFile; fileRef = FDD7A879281F7EE600411C90 /* RipeningStageData.swift */; };
/* End PBXBuildFile section */

/* Begin PBXFileReference section */
		FDD7A83B281E306E00411C90 /* Avocados.app */ = {isa = PBXFileReference; explicitFileType = wrapper.application; includeInIndex = 0; path = Avocados.app; sourceTree = BUILT_PRODUCTS_DIR; };
		FDD7A83E281E306E00411C90 /* AvocadosApp.swift */ = {isa = PBXFileReference; lastKnownFileType = sourcecode.swift; path = AvocadosApp.swift; sourceTree = "<group>"; };
		FDD7A840281E306E00411C90 /* ContentView.swift */ = {isa = PBXFileReference; lastKnownFileType = sourcecode.swift; path = ContentView.swift; sourceTree = "<group>"; };
		FDD7A842281E306E00411C90 /* Assets.xcassets */ = {isa = PBXFileReference; lastKnownFileType = folder.assetcatalog; path = Assets.xcassets; sourceTree = "<group>"; };
		FDD7A845281E306E00411C90 /* Preview Assets.xcassets */ = {isa = PBXFileReference; lastKnownFileType = folder.assetcatalog; path = "Preview Assets.xcassets"; sourceTree = "<group>"; };
		FDD7A84C281E343C00411C90 /* Launch Screen.storyboard */ = {isa = PBXFileReference; lastKnownFileType = file.storyboard; path = "Launch Screen.storyboard"; sourceTree = "<group>"; };
		FDD7A852281E39B700411C90 /* AvocadosView.swift */ = {isa = PBXFileReference; lastKnownFileType = sourcecode.swift; path = AvocadosView.swift; sourceTree = "<group>"; };
		FDD7A854281E39D100411C90 /* RipeningStagesView.swift */ = {isa = PBXFileReference; lastKnownFileType = sourcecode.swift; path = RipeningStagesView.swift; sourceTree = "<group>"; };
		FDD7A856281E39E500411C90 /* SettingsView.swift */ = {isa = PBXFileReference; lastKnownFileType = sourcecode.swift; path = SettingsView.swift; sourceTree = "<group>"; };
		FDD7A858281E39F800411C90 /* AppView.swift */ = {isa = PBXFileReference; lastKnownFileType = sourcecode.swift; path = AppView.swift; sourceTree = "<group>"; };
		FDD7A85A281E44E400411C90 /* HeaderView.swift */ = {isa = PBXFileReference; lastKnownFileType = sourcecode.swift; path = HeaderView.swift; sourceTree = "<group>"; };
		FDD7A85C281E49D200411C90 /* HeaderModel.swift */ = {isa = PBXFileReference; lastKnownFileType = sourcecode.swift; path = HeaderModel.swift; sourceTree = "<group>"; };
		FDD7A85E281E4A0B00411C90 /* HeaderData.swift */ = {isa = PBXFileReference; lastKnownFileType = sourcecode.swift; path = HeaderData.swift; sourceTree = "<group>"; };
		FDD7A860281F27F300411C90 /* DishesView.swift */ = {isa = PBXFileReference; lastKnownFileType = sourcecode.swift; path = DishesView.swift; sourceTree = "<group>"; };
		FDD7A862281F463300411C90 /* FactsView.swift */ = {isa = PBXFileReference; lastKnownFileType = sourcecode.swift; path = FactsView.swift; sourceTree = "<group>"; };
		FDD7A865281F468100411C90 /* FactsData.swift */ = {isa = PBXFileReference; lastKnownFileType = sourcecode.swift; path = FactsData.swift; sourceTree = "<group>"; };
		FDD7A867281F46B000411C90 /* FactsModel.swift */ = {isa = PBXFileReference; lastKnownFileType = sourcecode.swift; path = FactsModel.swift; sourceTree = "<group>"; };
		FDD7A869281F4DBD00411C90 /* RecipeModel.swift */ = {isa = PBXFileReference; lastKnownFileType = sourcecode.swift; path = RecipeModel.swift; sourceTree = "<group>"; };
		FDD7A86B281F4E1000411C90 /* RecipeData.swift */ = {isa = PBXFileReference; lastKnownFileType = sourcecode.swift; path = RecipeData.swift; sourceTree = "<group>"; };
		FDD7A86D281F4E8F00411C90 /* RecipeCardView.swift */ = {isa = PBXFileReference; lastKnownFileType = sourcecode.swift; path = RecipeCardView.swift; sourceTree = "<group>"; };
		FDD7A86F281F60BC00411C90 /* RecipeRatingView.swift */ = {isa = PBXFileReference; lastKnownFileType = sourcecode.swift; path = RecipeRatingView.swift; sourceTree = "<group>"; };
		FDD7A871281F612400411C90 /* RecipeCookingView.swift */ = {isa = PBXFileReference; lastKnownFileType = sourcecode.swift; path = RecipeCookingView.swift; sourceTree = "<group>"; };
		FDD7A873281F61A400411C90 /* RecipeDetailView.swift */ = {isa = PBXFileReference; lastKnownFileType = sourcecode.swift; path = RecipeDetailView.swift; sourceTree = "<group>"; };
		FDD7A875281F7E7F00411C90 /* RipeningView.swift */ = {isa = PBXFileReference; lastKnownFileType = sourcecode.swift; path = RipeningView.swift; sourceTree = "<group>"; };
		FDD7A877281F7E9C00411C90 /* RipeningStageModel.swift */ = {isa = PBXFileReference; lastKnownFileType = sourcecode.swift; path = RipeningStageModel.swift; sourceTree = "<group>"; };
		FDD7A879281F7EE600411C90 /* RipeningStageData.swift */ = {isa = PBXFileReference; lastKnownFileType = sourcecode.swift; path = RipeningStageData.swift; sourceTree = "<group>"; };
/* End PBXFileReference section */

/* Begin PBXFrameworksBuildPhase section */
		FDD7A838281E306E00411C90 /* Frameworks */ = {
			isa = PBXFrameworksBuildPhase;
			buildActionMask = 2147483647;
			files = (
			);
			runOnlyForDeploymentPostprocessing = 0;
		};
/* End PBXFrameworksBuildPhase section */

/* Begin PBXGroup section */
		FDD7A832281E306E00411C90 = {
			isa = PBXGroup;
			children = (
				FDD7A83D281E306E00411C90 /* Avocados */,
				FDD7A83C281E306E00411C90 /* Products */,
			);
			sourceTree = "<group>";
		};
		FDD7A83C281E306E00411C90 /* Products */ = {
			isa = PBXGroup;
			children = (
				FDD7A83B281E306E00411C90 /* Avocados.app */,
			);
			name = Products;
			sourceTree = "<group>";
		};
		FDD7A83D281E306E00411C90 /* Avocados */ = {
			isa = PBXGroup;
			children = (
				FDD7A84E281E395600411C90 /* App */,
				FDD7A84F281E396400411C90 /* Views */,
				FDD7A851281E397B00411C90 /* Models */,
				FDD7A850281E397300411C90 /* Data */,
				FDD7A842281E306E00411C90 /* Assets.xcassets */,
				FDD7A844281E306E00411C90 /* Preview Content */,
			);
			path = Avocados;
			sourceTree = "<group>";
		};
		FDD7A844281E306E00411C90 /* Preview Content */ = {
			isa = PBXGroup;
			children = (
				FDD7A845281E306E00411C90 /* Preview Assets.xcassets */,
			);
			path = "Preview Content";
			sourceTree = "<group>";
		};
		FDD7A84E281E395600411C90 /* App */ = {
			isa = PBXGroup;
			children = (
				FDD7A83E281E306E00411C90 /* AvocadosApp.swift */,
				FDD7A84C281E343C00411C90 /* Launch Screen.storyboard */,
			);
			path = App;
			sourceTree = "<group>";
		};
		FDD7A84F281E396400411C90 /* Views */ = {
			isa = PBXGroup;
			children = (
				FDD7A840281E306E00411C90 /* ContentView.swift */,
				FDD7A852281E39B700411C90 /* AvocadosView.swift */,
				FDD7A854281E39D100411C90 /* RipeningStagesView.swift */,
				FDD7A856281E39E500411C90 /* SettingsView.swift */,
				FDD7A858281E39F800411C90 /* AppView.swift */,
				FDD7A85A281E44E400411C90 /* HeaderView.swift */,
				FDD7A860281F27F300411C90 /* DishesView.swift */,
				FDD7A862281F463300411C90 /* FactsView.swift */,
				FDD7A86D281F4E8F00411C90 /* RecipeCardView.swift */,
				FDD7A86F281F60BC00411C90 /* RecipeRatingView.swift */,
				FDD7A871281F612400411C90 /* RecipeCookingView.swift */,
				FDD7A873281F61A400411C90 /* RecipeDetailView.swift */,
				FDD7A875281F7E7F00411C90 /* RipeningView.swift */,
			);
			path = Views;
			sourceTree = "<group>";
		};
		FDD7A850281E397300411C90 /* Data */ = {
			isa = PBXGroup;
			children = (
				FDD7A85E281E4A0B00411C90 /* HeaderData.swift */,
				FDD7A865281F468100411C90 /* FactsData.swift */,
				FDD7A86B281F4E1000411C90 /* RecipeData.swift */,
				FDD7A879281F7EE600411C90 /* RipeningStageData.swift */,
			);
			path = Data;
			sourceTree = "<group>";
		};
		FDD7A851281E397B00411C90 /* Models */ = {
			isa = PBXGroup;
			children = (
				FDD7A85C281E49D200411C90 /* HeaderModel.swift */,
				FDD7A867281F46B000411C90 /* FactsModel.swift */,
				FDD7A869281F4DBD00411C90 /* RecipeModel.swift */,
				FDD7A877281F7E9C00411C90 /* RipeningStageModel.swift */,
			);
			path = Models;
			sourceTree = "<group>";
		};
/* End PBXGroup section */

/* Begin PBXNativeTarget section */
		FDD7A83A281E306E00411C90 /* Avocados */ = {
			isa = PBXNativeTarget;
			buildConfigurationList = FDD7A849281E306E00411C90 /* Build configuration list for PBXNativeTarget "Avocados" */;
			buildPhases = (
				FDD7A837281E306E00411C90 /* Sources */,
				FDD7A838281E306E00411C90 /* Frameworks */,
				FDD7A839281E306E00411C90 /* Resources */,
			);
			buildRules = (
			);
			dependencies = (
			);
			name = Avocados;
			productName = Avocados;
			productReference = FDD7A83B281E306E00411C90 /* Avocados.app */;
			productType = "com.apple.product-type.application";
		};
/* End PBXNativeTarget section */

/* Begin PBXProject section */
		FDD7A833281E306E00411C90 /* Project object */ = {
			isa = PBXProject;
			attributes = {
				BuildIndependentTargetsInParallel = 1;
				LastSwiftUpdateCheck = 1330;
				LastUpgradeCheck = 1330;
				TargetAttributes = {
					FDD7A83A281E306E00411C90 = {
						CreatedOnToolsVersion = 13.3;
					};
				};
			};
			buildConfigurationList = FDD7A836281E306E00411C90 /* Build configuration list for PBXProject "Avocados" */;
			compatibilityVersion = "Xcode 13.0";
			developmentRegion = en;
			hasScannedForEncodings = 0;
			knownRegions = (
				en,
				Base,
			);
			mainGroup = FDD7A832281E306E00411C90;
			productRefGroup = FDD7A83C281E306E00411C90 /* Products */;
			projectDirPath = "";
			projectRoot = "";
			targets = (
				FDD7A83A281E306E00411C90 /* Avocados */,
			);
		};
/* End PBXProject section */

/* Begin PBXResourcesBuildPhase section */
		FDD7A839281E306E00411C90 /* Resources */ = {
			isa = PBXResourcesBuildPhase;
			buildActionMask = 2147483647;
			files = (
				FDD7A84D281E343C00411C90 /* Launch Screen.storyboard in Resources */,
				FDD7A846281E306E00411C90 /* Preview Assets.xcassets in Resources */,
				FDD7A843281E306E00411C90 /* Assets.xcassets in Resources */,
			);
			runOnlyForDeploymentPostprocessing = 0;
		};
/* End PBXResourcesBuildPhase section */

/* Begin PBXSourcesBuildPhase section */
		FDD7A837281E306E00411C90 /* Sources */ = {
			isa = PBXSourcesBuildPhase;
			buildActionMask = 2147483647;
			files = (
				FDD7A857281E39E500411C90 /* SettingsView.swift in Sources */,
				FDD7A870281F60BC00411C90 /* RecipeRatingView.swift in Sources */,
				FDD7A878281F7E9C00411C90 /* RipeningStageModel.swift in Sources */,
				FDD7A841281E306E00411C90 /* ContentView.swift in Sources */,
				FDD7A859281E39F800411C90 /* AppView.swift in Sources */,
				FDD7A868281F46B000411C90 /* FactsModel.swift in Sources */,
				FDD7A855281E39D100411C90 /* RipeningStagesView.swift in Sources */,
				FDD7A83F281E306E00411C90 /* AvocadosApp.swift in Sources */,
				FDD7A853281E39B700411C90 /* AvocadosView.swift in Sources */,
				FDD7A86A281F4DBD00411C90 /* RecipeModel.swift in Sources */,
				FDD7A85D281E49D200411C90 /* HeaderModel.swift in Sources */,
				FDD7A85F281E4A0B00411C90 /* HeaderData.swift in Sources */,
				FDD7A872281F612400411C90 /* RecipeCookingView.swift in Sources */,
				FDD7A876281F7E7F00411C90 /* RipeningView.swift in Sources */,
				FDD7A861281F27F300411C90 /* DishesView.swift in Sources */,
				FDD7A866281F468100411C90 /* FactsData.swift in Sources */,
				FDD7A87A281F7EE600411C90 /* RipeningStageData.swift in Sources */,
				FDD7A86E281F4E8F00411C90 /* RecipeCardView.swift in Sources */,
				FDD7A86C281F4E1000411C90 /* RecipeData.swift in Sources */,
				FDD7A863281F463400411C90 /* FactsView.swift in Sources */,
				FDD7A874281F61A400411C90 /* RecipeDetailView.swift in Sources */,
				FDD7A85B281E44E400411C90 /* HeaderView.swift in Sources */,
			);
			runOnlyForDeploymentPostprocessing = 0;
		};
/* End PBXSourcesBuildPhase section */

/* Begin XCBuildConfiguration section */
		FDD7A847281E306E00411C90 /* Debug */ = {
			isa = XCBuildConfiguration;
			buildSettings = {
				ALWAYS_SEARCH_USER_PATHS = NO;
				CLANG_ANALYZER_NONNULL = YES;
				CLANG_ANALYZER_NUMBER_OBJECT_CONVERSION = YES_AGGRESSIVE;
				CLANG_CXX_LANGUAGE_STANDARD = "gnu++17";
				CLANG_ENABLE_MODULES = YES;
				CLANG_ENABLE_OBJC_ARC = YES;
				CLANG_ENABLE_OBJC_WEAK = YES;
				CLANG_WARN_BLOCK_CAPTURE_AUTORELEASING = YES;
				CLANG_WARN_BOOL_CONVERSION = YES;
				CLANG_WARN_COMMA = YES;
				CLANG_WARN_CONSTANT_CONVERSION = YES;
				CLANG_WARN_DEPRECATED_OBJC_IMPLEMENTATIONS = YES;
				CLANG_WARN_DIRECT_OBJC_ISA_USAGE = YES_ERROR;
				CLANG_WARN_DOCUMENTATION_COMMENTS = YES;
				CLANG_WARN_EMPTY_BODY = YES;
				CLANG_WARN_ENUM_CONVERSION = YES;
				CLANG_WARN_INFINITE_RECURSION = YES;
				CLANG_WARN_INT_CONVERSION = YES;
				CLANG_WARN_NON_LITERAL_NULL_CONVERSION = YES;
				CLANG_WARN_OBJC_IMPLICIT_RETAIN_SELF = YES;
				CLANG_WARN_OBJC_LITERAL_CONVERSION = YES;
				CLANG_WARN_OBJC_ROOT_CLASS = YES_ERROR;
				CLANG_WARN_QUOTED_INCLUDE_IN_FRAMEWORK_HEADER = YES;
				CLANG_WARN_RANGE_LOOP_ANALYSIS = YES;
				CLANG_WARN_STRICT_PROTOTYPES = YES;
				CLANG_WARN_SUSPICIOUS_MOVE = YES;
				CLANG_WARN_UNGUARDED_AVAILABILITY = YES_AGGRESSIVE;
				CLANG_WARN_UNREACHABLE_CODE = YES;
				CLANG_WARN__DUPLICATE_METHOD_MATCH = YES;
				COPY_PHASE_STRIP = NO;
				DEBUG_INFORMATION_FORMAT = dwarf;
				ENABLE_STRICT_OBJC_MSGSEND = YES;
				ENABLE_TESTABILITY = YES;
				GCC_C_LANGUAGE_STANDARD = gnu11;
				GCC_DYNAMIC_NO_PIC = NO;
				GCC_NO_COMMON_BLOCKS = YES;
				GCC_OPTIMIZATION_LEVEL = 0;
				GCC_PREPROCESSOR_DEFINITIONS = (
					"DEBUG=1",
					"$(inherited)",
				);
				GCC_WARN_64_TO_32_BIT_CONVERSION = YES;
				GCC_WARN_ABOUT_RETURN_TYPE = YES_ERROR;
				GCC_WARN_UNDECLARED_SELECTOR = YES;
				GCC_WARN_UNINITIALIZED_AUTOS = YES_AGGRESSIVE;
				GCC_WARN_UNUSED_FUNCTION = YES;
				GCC_WARN_UNUSED_VARIABLE = YES;
				IPHONEOS_DEPLOYMENT_TARGET = 15.4;
				MTL_ENABLE_DEBUG_INFO = INCLUDE_SOURCE;
				MTL_FAST_MATH = YES;
				ONLY_ACTIVE_ARCH = YES;
				SDKROOT = iphoneos;
				SWIFT_ACTIVE_COMPILATION_CONDITIONS = DEBUG;
				SWIFT_OPTIMIZATION_LEVEL = "-Onone";
			};
			name = Debug;
		};
		FDD7A848281E306E00411C90 /* Release */ = {
			isa = XCBuildConfiguration;
			buildSettings = {
				ALWAYS_SEARCH_USER_PATHS = NO;
				CLANG_ANALYZER_NONNULL = YES;
				CLANG_ANALYZER_NUMBER_OBJECT_CONVERSION = YES_AGGRESSIVE;
				CLANG_CXX_LANGUAGE_STANDARD = "gnu++17";
				CLANG_ENABLE_MODULES = YES;
				CLANG_ENABLE_OBJC_ARC = YES;
				CLANG_ENABLE_OBJC_WEAK = YES;
				CLANG_WARN_BLOCK_CAPTURE_AUTORELEASING = YES;
				CLANG_WARN_BOOL_CONVERSION = YES;
				CLANG_WARN_COMMA = YES;
				CLANG_WARN_CONSTANT_CONVERSION = YES;
				CLANG_WARN_DEPRECATED_OBJC_IMPLEMENTATIONS = YES;
				CLANG_WARN_DIRECT_OBJC_ISA_USAGE = YES_ERROR;
				CLANG_WARN_DOCUMENTATION_COMMENTS = YES;
				CLANG_WARN_EMPTY_BODY = YES;
				CLANG_WARN_ENUM_CONVERSION = YES;
				CLANG_WARN_INFINITE_RECURSION = YES;
				CLANG_WARN_INT_CONVERSION = YES;
				CLANG_WARN_NON_LITERAL_NULL_CONVERSION = YES;
				CLANG_WARN_OBJC_IMPLICIT_RETAIN_SELF = YES;
				CLANG_WARN_OBJC_LITERAL_CONVERSION = YES;
				CLANG_WARN_OBJC_ROOT_CLASS = YES_ERROR;
				CLANG_WARN_QUOTED_INCLUDE_IN_FRAMEWORK_HEADER = YES;
				CLANG_WARN_RANGE_LOOP_ANALYSIS = YES;
				CLANG_WARN_STRICT_PROTOTYPES = YES;
				CLANG_WARN_SUSPICIOUS_MOVE = YES;
				CLANG_WARN_UNGUARDED_AVAILABILITY = YES_AGGRESSIVE;
				CLANG_WARN_UNREACHABLE_CODE = YES;
				CLANG_WARN__DUPLICATE_METHOD_MATCH = YES;
				COPY_PHASE_STRIP = NO;
				DEBUG_INFORMATION_FORMAT = "dwarf-with-dsym";
				ENABLE_NS_ASSERTIONS = NO;
				ENABLE_STRICT_OBJC_MSGSEND = YES;
				GCC_C_LANGUAGE_STANDARD = gnu11;
				GCC_NO_COMMON_BLOCKS = YES;
				GCC_WARN_64_TO_32_BIT_CONVERSION = YES;
				GCC_WARN_ABOUT_RETURN_TYPE = YES_ERROR;
				GCC_WARN_UNDECLARED_SELECTOR = YES;
				GCC_WARN_UNINITIALIZED_AUTOS = YES_AGGRESSIVE;
				GCC_WARN_UNUSED_FUNCTION = YES;
				GCC_WARN_UNUSED_VARIABLE = YES;
				IPHONEOS_DEPLOYMENT_TARGET = 15.4;
				MTL_ENABLE_DEBUG_INFO = NO;
				MTL_FAST_MATH = YES;
				SDKROOT = iphoneos;
				SWIFT_COMPILATION_MODE = wholemodule;
				SWIFT_OPTIMIZATION_LEVEL = "-O";
				VALIDATE_PRODUCT = YES;
			};
			name = Release;
		};
		FDD7A84A281E306E00411C90 /* Debug */ = {
			isa = XCBuildConfiguration;
			buildSettings = {
				ASSETCATALOG_COMPILER_APPICON_NAME = AppIcon;
				ASSETCATALOG_COMPILER_GLOBAL_ACCENT_COLOR_NAME = AccentColor;
				CODE_SIGN_STYLE = Automatic;
				CURRENT_PROJECT_VERSION = 1;
				DEVELOPMENT_ASSET_PATHS = "\"Avocados/Preview Content\"";
				DEVELOPMENT_TEAM = 4KD65TKKK8;
				ENABLE_PREVIEWS = YES;
				GENERATE_INFOPLIST_FILE = YES;
				INFOPLIST_KEY_UIApplicationSceneManifest_Generation = YES;
				INFOPLIST_KEY_UIApplicationSupportsIndirectInputEvents = YES;
				INFOPLIST_KEY_UILaunchScreen_Generation = YES;
				INFOPLIST_KEY_UILaunchStoryboardName = "Launch Screen";
				INFOPLIST_KEY_UISupportedInterfaceOrientations = UIInterfaceOrientationPortrait;
				INFOPLIST_KEY_UISupportedInterfaceOrientations_iPad = "UIInterfaceOrientationPortrait UIInterfaceOrientationPortraitUpsideDown UIInterfaceOrientationLandscapeLeft UIInterfaceOrientationLandscapeRight";
				INFOPLIST_KEY_UISupportedInterfaceOrientations_iPhone = "UIInterfaceOrientationPortrait UIInterfaceOrientationLandscapeLeft UIInterfaceOrientationLandscapeRight";
				LD_RUNPATH_SEARCH_PATHS = (
					"$(inherited)",
					"@executable_path/Frameworks",
				);
				MARKETING_VERSION = 1.0;
				PRODUCT_BUNDLE_IDENTIFIER = com.lauramjohnson.Avocados;
				PRODUCT_NAME = "$(TARGET_NAME)";
				SWIFT_EMIT_LOC_STRINGS = YES;
				SWIFT_VERSION = 5.0;
				TARGETED_DEVICE_FAMILY = "1,2";
			};
			name = Debug;
		};
		FDD7A84B281E306E00411C90 /* Release */ = {
			isa = XCBuildConfiguration;
			buildSettings = {
				ASSETCATALOG_COMPILER_APPICON_NAME = AppIcon;
				ASSETCATALOG_COMPILER_GLOBAL_ACCENT_COLOR_NAME = AccentColor;
				CODE_SIGN_STYLE = Automatic;
				CURRENT_PROJECT_VERSION = 1;
				DEVELOPMENT_ASSET_PATHS = "\"Avocados/Preview Content\"";
				DEVELOPMENT_TEAM = 4KD65TKKK8;
				ENABLE_PREVIEWS = YES;
				GENERATE_INFOPLIST_FILE = YES;
				INFOPLIST_KEY_UIApplicationSceneManifest_Generation = YES;
				INFOPLIST_KEY_UIApplicationSupportsIndirectInputEvents = YES;
				INFOPLIST_KEY_UILaunchScreen_Generation = YES;
				INFOPLIST_KEY_UILaunchStoryboardName = "Launch Screen";
				INFOPLIST_KEY_UISupportedInterfaceOrientations = UIInterfaceOrientationPortrait;
				INFOPLIST_KEY_UISupportedInterfaceOrientations_iPad = "UIInterfaceOrientationPortrait UIInterfaceOrientationPortraitUpsideDown UIInterfaceOrientationLandscapeLeft UIInterfaceOrientationLandscapeRight";
				INFOPLIST_KEY_UISupportedInterfaceOrientations_iPhone = "UIInterfaceOrientationPortrait UIInterfaceOrientationLandscapeLeft UIInterfaceOrientationLandscapeRight";
				LD_RUNPATH_SEARCH_PATHS = (
					"$(inherited)",
					"@executable_path/Frameworks",
				);
				MARKETING_VERSION = 1.0;
				PRODUCT_BUNDLE_IDENTIFIER = com.lauramjohnson.Avocados;
				PRODUCT_NAME = "$(TARGET_NAME)";
				SWIFT_EMIT_LOC_STRINGS = YES;
				SWIFT_VERSION = 5.0;
				TARGETED_DEVICE_FAMILY = "1,2";
			};
			name = Release;
		};
/* End XCBuildConfiguration section */

/* Begin XCConfigurationList section */
		FDD7A836281E306E00411C90 /* Build configuration list for PBXProject "Avocados" */ = {
			isa = XCConfigurationList;
			buildConfigurations = (
				FDD7A847281E306E00411C90 /* Debug */,
				FDD7A848281E306E00411C90 /* Release */,
			);
			defaultConfigurationIsVisible = 0;
			defaultConfigurationName = Release;
		};
		FDD7A849281E306E00411C90 /* Build configuration list for PBXNativeTarget "Avocados" */ = {
			isa = XCConfigurationList;
			buildConfigurations = (
				FDD7A84A281E306E00411C90 /* Debug */,
				FDD7A84B281E306E00411C90 /* Release */,
			);
			defaultConfigurationIsVisible = 0;
			defaultConfigurationName = Release;
		};
/* End XCConfigurationList section */
	};
	rootObject = FDD7A833281E306E00411C90 /* Project object */;
}
